
Microsoft Visual Studio Solution File, Format Version 12.00
# Visual Studio 15
VisualStudioVersion = 15.0.27428.2043
MinimumVisualStudioVersion = 10.0.40219.1
Project("{FAE04EC0-301F-11D3-BF4B-00C04F79EFBC}") = "TryUI.Android", "TryUI\TryUI.Android\TryUI.Android.csproj", "{C298B30C-7714-47A0-AB73-11955BD7DE6A}"
EndProject
Project("{FAE04EC0-301F-11D3-BF4B-00C04F79EFBC}") = "TryUI.iOS", "TryUI\TryUI.iOS\TryUI.iOS.csproj", "{42E9BF5B-DABF-4BB4-B781-78724FEBA25A}"
EndProject
Project("{FAE04EC0-301F-11D3-BF4B-00C04F79EFBC}") = "TryUI.UWP", "TryUI\TryUI.UWP\TryUI.UWP.csproj", "{5401728E-594F-4EBC-920A-41D279052881}"
EndProject
Project("{FAE04EC0-301F-11D3-BF4B-00C04F79EFBC}") = "TryUI", "TryUI\TryUI\TryUI.csproj", "{C82E96CC-E782-43BC-88A0-A19F9EBCE090}"
EndProject
Global
	GlobalSection(SolutionConfigurationPlatforms) = preSolution
		Ad-Hoc|Any CPU = Ad-Hoc|Any CPU
		Ad-Hoc|ARM = Ad-Hoc|ARM
		Ad-Hoc|iPhone = Ad-Hoc|iPhone
		Ad-Hoc|iPhoneSimulator = Ad-Hoc|iPhoneSimulator
		Ad-Hoc|x64 = Ad-Hoc|x64
		Ad-Hoc|x86 = Ad-Hoc|x86
		AppStore|Any CPU = AppStore|Any CPU
		AppStore|ARM = AppStore|ARM
		AppStore|iPhone = AppStore|iPhone
		AppStore|iPhoneSimulator = AppStore|iPhoneSimulator
		AppStore|x64 = AppStore|x64
		AppStore|x86 = AppStore|x86
		Debug|Any CPU = Debug|Any CPU
		Debug|ARM = Debug|ARM
		Debug|iPhone = Debug|iPhone
		Debug|iPhoneSimulator = Debug|iPhoneSimulator
		Debug|x64 = Debug|x64
		Debug|x86 = Debug|x86
		Release|Any CPU = Release|Any CPU
		Release|ARM = Release|ARM
		Release|iPhone = Release|iPhone
		Release|iPhoneSimulator = Release|iPhoneSimulator
		Release|x64 = Release|x64
		Release|x86 = Release|x86
	EndGlobalSection
	GlobalSection(ProjectConfigurationPlatforms) = postSolution
		{C298B30C-7714-47A0-AB73-11955BD7DE6A}.Ad-Hoc|Any CPU.ActiveCfg = Release|Any CPU
		{C298B30C-7714-47A0-AB73-11955BD7DE6A}.Ad-Hoc|Any CPU.Build.0 = Release|Any CPU
		{C298B30C-7714-47A0-AB73-11955BD7DE6A}.Ad-Hoc|Any CPU.Deploy.0 = Release|Any CPU
		{C298B30C-7714-47A0-AB73-11955BD7DE6A}.Ad-Hoc|ARM.ActiveCfg = Release|Any CPU
		{C298B30C-7714-47A0-AB73-11955BD7DE6A}.Ad-Hoc|ARM.Build.0 = Release|Any CPU
		{C298B30C-7714-47A0-AB73-11955BD7DE6A}.Ad-Hoc|ARM.Deploy.0 = Release|Any CPU
		{C298B30C-7714-47A0-AB73-11955BD7DE6A}.Ad-Hoc|iPhone.ActiveCfg = Release|Any CPU
		{C298B30C-7714-47A0-AB73-11955BD7DE6A}.Ad-Hoc|iPhone.Build.0 = Release|Any CPU
		{C298B30C-7714-47A0-AB73-11955BD7DE6A}.Ad-Hoc|iPhone.Deploy.0 = Release|Any CPU
		{C298B30C-7714-47A0-AB73-11955BD7DE6A}.Ad-Hoc|iPhoneSimulator.ActiveCfg = Release|Any CPU
		{C298B30C-7714-47A0-AB73-11955BD7DE6A}.Ad-Hoc|iPhoneSimulator.Build.0 = Release|Any CPU
		{C298B30C-7714-47A0-AB73-11955BD7DE6A}.Ad-Hoc|iPhoneSimulator.Deploy.0 = Release|Any CPU
		{C298B30C-7714-47A0-AB73-11955BD7DE6A}.Ad-Hoc|x64.ActiveCfg = Release|Any CPU
		{C298B30C-7714-47A0-AB73-11955BD7DE6A}.Ad-Hoc|x64.Build.0 = Release|Any CPU
		{C298B30C-7714-47A0-AB73-11955BD7DE6A}.Ad-Hoc|x64.Deploy.0 = Release|Any CPU
		{C298B30C-7714-47A0-AB73-11955BD7DE6A}.Ad-Hoc|x86.ActiveCfg = Release|Any CPU
		{C298B30C-7714-47A0-AB73-11955BD7DE6A}.Ad-Hoc|x86.Build.0 = Release|Any CPU
		{C298B30C-7714-47A0-AB73-11955BD7DE6A}.Ad-Hoc|x86.Deploy.0 = Release|Any CPU
		{C298B30C-7714-47A0-AB73-11955BD7DE6A}.AppStore|Any CPU.ActiveCfg = Release|Any CPU
		{C298B30C-7714-47A0-AB73-11955BD7DE6A}.AppStore|Any CPU.Build.0 = Release|Any CPU
		{C298B30C-7714-47A0-AB73-11955BD7DE6A}.AppStore|Any CPU.Deploy.0 = Release|Any CPU
		{C298B30C-7714-47A0-AB73-11955BD7DE6A}.AppStore|ARM.ActiveCfg = Release|Any CPU
		{C298B30C-7714-47A0-AB73-11955BD7DE6A}.AppStore|ARM.Build.0 = Release|Any CPU
		{C298B30C-7714-47A0-AB73-11955BD7DE6A}.AppStore|ARM.Deploy.0 = Release|Any CPU
		{C298B30C-7714-47A0-AB73-11955BD7DE6A}.AppStore|iPhone.ActiveCfg = Release|Any CPU
		{C298B30C-7714-47A0-AB73-11955BD7DE6A}.AppStore|iPhone.Build.0 = Release|Any CPU
		{C298B30C-7714-47A0-AB73-11955BD7DE6A}.AppStore|iPhone.Deploy.0 = Release|Any CPU
		{C298B30C-7714-47A0-AB73-11955BD7DE6A}.AppStore|iPhoneSimulator.ActiveCfg = Release|Any CPU
		{C298B30C-7714-47A0-AB73-11955BD7DE6A}.AppStore|iPhoneSimulator.Build.0 = Release|Any CPU
		{C298B30C-7714-47A0-AB73-11955BD7DE6A}.AppStore|iPhoneSimulator.Deploy.0 = Release|Any CPU
		{C298B30C-7714-47A0-AB73-11955BD7DE6A}.AppStore|x64.ActiveCfg = Release|Any CPU
		{C298B30C-7714-47A0-AB73-11955BD7DE6A}.AppStore|x64.Build.0 = Release|Any CPU
		{C298B30C-7714-47A0-AB73-11955BD7DE6A}.AppStore|x64.Deploy.0 = Release|Any CPU
		{C298B30C-7714-47A0-AB73-11955BD7DE6A}.AppStore|x86.ActiveCfg = Release|Any CPU
		{C298B30C-7714-47A0-AB73-11955BD7DE6A}.AppStore|x86.Build.0 = Release|Any CPU
		{C298B30C-7714-47A0-AB73-11955BD7DE6A}.AppStore|x86.Deploy.0 = Release|Any CPU
		{C298B30C-7714-47A0-AB73-11955BD7DE6A}.Debug|Any CPU.ActiveCfg = Debug|Any CPU
		{C298B30C-7714-47A0-AB73-11955BD7DE6A}.Debug|Any CPU.Build.0 = Debug|Any CPU
		{C298B30C-7714-47A0-AB73-11955BD7DE6A}.Debug|Any CPU.Deploy.0 = Debug|Any CPU
		{C298B30C-7714-47A0-AB73-11955BD7DE6A}.Debug|ARM.ActiveCfg = Debug|Any CPU
		{C298B30C-7714-47A0-AB73-11955BD7DE6A}.Debug|ARM.Build.0 = Debug|Any CPU
		{C298B30C-7714-47A0-AB73-11955BD7DE6A}.Debug|ARM.Deploy.0 = Debug|Any CPU
		{C298B30C-7714-47A0-AB73-11955BD7DE6A}.Debug|iPhone.ActiveCfg = Debug|Any CPU
		{C298B30C-7714-47A0-AB73-11955BD7DE6A}.Debug|iPhone.Build.0 = Debug|Any CPU
		{C298B30C-7714-47A0-AB73-11955BD7DE6A}.Debug|iPhone.Deploy.0 = Debug|Any CPU
		{C298B30C-7714-47A0-AB73-11955BD7DE6A}.Debug|iPhoneSimulator.ActiveCfg = Debug|Any CPU
		{C298B30C-7714-47A0-AB73-11955BD7DE6A}.Debug|iPhoneSimulator.Build.0 = Debug|Any CPU
		{C298B30C-7714-47A0-AB73-11955BD7DE6A}.Debug|iPhoneSimulator.Deploy.0 = Debug|Any CPU
		{C298B30C-7714-47A0-AB73-11955BD7DE6A}.Debug|x64.ActiveCfg = Debug|Any CPU
		{C298B30C-7714-47A0-AB73-11955BD7DE6A}.Debug|x64.Build.0 = Debug|Any CPU
		{C298B30C-7714-47A0-AB73-11955BD7DE6A}.Debug|x64.Deploy.0 = Debug|Any CPU
		{C298B30C-7714-47A0-AB73-11955BD7DE6A}.Debug|x86.ActiveCfg = Debug|Any CPU
		{C298B30C-7714-47A0-AB73-11955BD7DE6A}.Debug|x86.Build.0 = Debug|Any CPU
		{C298B30C-7714-47A0-AB73-11955BD7DE6A}.Debug|x86.Deploy.0 = Debug|Any CPU
		{C298B30C-7714-47A0-AB73-11955BD7DE6A}.Release|Any CPU.ActiveCfg = Release|Any CPU
		{C298B30C-7714-47A0-AB73-11955BD7DE6A}.Release|Any CPU.Build.0 = Release|Any CPU
		{C298B30C-7714-47A0-AB73-11955BD7DE6A}.Release|Any CPU.Deploy.0 = Release|Any CPU
		{C298B30C-7714-47A0-AB73-11955BD7DE6A}.Release|ARM.ActiveCfg = Release|Any CPU
		{C298B30C-7714-47A0-AB73-11955BD7DE6A}.Release|ARM.Build.0 = Release|Any CPU
		{C298B30C-7714-47A0-AB73-11955BD7DE6A}.Release|ARM.Deploy.0 = Release|Any CPU
		{C298B30C-7714-47A0-AB73-11955BD7DE6A}.Release|iPhone.ActiveCfg = Release|Any CPU
		{C298B30C-7714-47A0-AB73-11955BD7DE6A}.Release|iPhone.Build.0 = Release|Any CPU
		{C298B30C-7714-47A0-AB73-11955BD7DE6A}.Release|iPhone.Deploy.0 = Release|Any CPU
		{C298B30C-7714-47A0-AB73-11955BD7DE6A}.Release|iPhoneSimulator.ActiveCfg = Release|Any CPU
		{C298B30C-7714-47A0-AB73-11955BD7DE6A}.Release|iPhoneSimulator.Build.0 = Release|Any CPU
		{C298B30C-7714-47A0-AB73-11955BD7DE6A}.Release|iPhoneSimulator.Deploy.0 = Release|Any CPU
		{C298B30C-7714-47A0-AB73-11955BD7DE6A}.Release|x64.ActiveCfg = Release|Any CPU
		{C298B30C-7714-47A0-AB73-11955BD7DE6A}.Release|x64.Build.0 = Release|Any CPU
		{C298B30C-7714-47A0-AB73-11955BD7DE6A}.Release|x64.Deploy.0 = Release|Any CPU
		{C298B30C-7714-47A0-AB73-11955BD7DE6A}.Release|x86.ActiveCfg = Release|Any CPU
		{C298B30C-7714-47A0-AB73-11955BD7DE6A}.Release|x86.Build.0 = Release|Any CPU
		{C298B30C-7714-47A0-AB73-11955BD7DE6A}.Release|x86.Deploy.0 = Release|Any CPU
		{42E9BF5B-DABF-4BB4-B781-78724FEBA25A}.Ad-Hoc|Any CPU.ActiveCfg = Ad-Hoc|iPhone
		{42E9BF5B-DABF-4BB4-B781-78724FEBA25A}.Ad-Hoc|ARM.ActiveCfg = Ad-Hoc|iPhone
		{42E9BF5B-DABF-4BB4-B781-78724FEBA25A}.Ad-Hoc|iPhone.ActiveCfg = Ad-Hoc|iPhone
		{42E9BF5B-DABF-4BB4-B781-78724FEBA25A}.Ad-Hoc|iPhone.Build.0 = Ad-Hoc|iPhone
		{42E9BF5B-DABF-4BB4-B781-78724FEBA25A}.Ad-Hoc|iPhoneSimulator.ActiveCfg = Ad-Hoc|iPhoneSimulator
		{42E9BF5B-DABF-4BB4-B781-78724FEBA25A}.Ad-Hoc|iPhoneSimulator.Build.0 = Ad-Hoc|iPhoneSimulator
		{42E9BF5B-DABF-4BB4-B781-78724FEBA25A}.Ad-Hoc|x64.ActiveCfg = Ad-Hoc|iPhone
		{42E9BF5B-DABF-4BB4-B781-78724FEBA25A}.Ad-Hoc|x86.ActiveCfg = Ad-Hoc|iPhone
		{42E9BF5B-DABF-4BB4-B781-78724FEBA25A}.AppStore|Any CPU.ActiveCfg = AppStore|iPhone
		{42E9BF5B-DABF-4BB4-B781-78724FEBA25A}.AppStore|ARM.ActiveCfg = AppStore|iPhone
		{42E9BF5B-DABF-4BB4-B781-78724FEBA25A}.AppStore|iPhone.ActiveCfg = AppStore|iPhone
		{42E9BF5B-DABF-4BB4-B781-78724FEBA25A}.AppStore|iPhone.Build.0 = AppStore|iPhone
		{42E9BF5B-DABF-4BB4-B781-78724FEBA25A}.AppStore|iPhoneSimulator.ActiveCfg = AppStore|iPhoneSimulator
		{42E9BF5B-DABF-4BB4-B781-78724FEBA25A}.AppStore|iPhoneSimulator.Build.0 = AppStore|iPhoneSimulator
		{42E9BF5B-DABF-4BB4-B781-78724FEBA25A}.AppStore|x64.ActiveCfg = AppStore|iPhone
		{42E9BF5B-DABF-4BB4-B781-78724FEBA25A}.AppStore|x86.ActiveCfg = AppStore|iPhone
		{42E9BF5B-DABF-4BB4-B781-78724FEBA25A}.Debug|Any CPU.ActiveCfg = Debug|iPhone
		{42E9BF5B-DABF-4BB4-B781-78724FEBA25A}.Debug|ARM.ActiveCfg = Debug|iPhone
		{42E9BF5B-DABF-4BB4-B781-78724FEBA25A}.Debug|iPhone.ActiveCfg = Debug|iPhone
		{42E9BF5B-DABF-4BB4-B781-78724FEBA25A}.Debug|iPhone.Build.0 = Debug|iPhone
		{42E9BF5B-DABF-4BB4-B781-78724FEBA25A}.Debug|iPhoneSimulator.ActiveCfg = Debug|iPhoneSimulator
		{42E9BF5B-DABF-4BB4-B781-78724FEBA25A}.Debug|iPhoneSimulator.Build.0 = Debug|iPhoneSimulator
		{42E9BF5B-DABF-4BB4-B781-78724FEBA25A}.Debug|x64.ActiveCfg = Debug|iPhone
		{42E9BF5B-DABF-4BB4-B781-78724FEBA25A}.Debug|x86.ActiveCfg = Debug|iPhone
		{42E9BF5B-DABF-4BB4-B781-78724FEBA25A}.Release|Any CPU.ActiveCfg = Release|iPhone
		{42E9BF5B-DABF-4BB4-B781-78724FEBA25A}.Release|ARM.ActiveCfg = Release|iPhone
		{42E9BF5B-DABF-4BB4-B781-78724FEBA25A}.Release|iPhone.ActiveCfg = Release|iPhone
		{42E9BF5B-DABF-4BB4-B781-78724FEBA25A}.Release|iPhone.Build.0 = Release|iPhone
		{42E9BF5B-DABF-4BB4-B781-78724FEBA25A}.Release|iPhoneSimulator.ActiveCfg = Release|iPhoneSimulator
		{42E9BF5B-DABF-4BB4-B781-78724FEBA25A}.Release|iPhoneSimulator.Build.0 = Release|iPhoneSimulator
		{42E9BF5B-DABF-4BB4-B781-78724FEBA25A}.Release|x64.ActiveCfg = Release|iPhone
		{42E9BF5B-DABF-4BB4-B781-78724FEBA25A}.Release|x86.ActiveCfg = Release|iPhone
		{5401728E-594F-4EBC-920A-41D279052881}.Ad-Hoc|Any CPU.ActiveCfg = Release|x86
		{5401728E-594F-4EBC-920A-41D279052881}.Ad-Hoc|Any CPU.Build.0 = Release|x86
		{5401728E-594F-4EBC-920A-41D279052881}.Ad-Hoc|Any CPU.Deploy.0 = Release|x86
		{5401728E-594F-4EBC-920A-41D279052881}.Ad-Hoc|ARM.ActiveCfg = Release|ARM
		{5401728E-594F-4EBC-920A-41D279052881}.Ad-Hoc|ARM.Build.0 = Release|ARM
		{5401728E-594F-4EBC-920A-41D279052881}.Ad-Hoc|ARM.Deploy.0 = Release|ARM
		{5401728E-594F-4EBC-920A-41D279052881}.Ad-Hoc|iPhone.ActiveCfg = Release|x86
		{5401728E-594F-4EBC-920A-41D279052881}.Ad-Hoc|iPhone.Build.0 = Release|x86
		{5401728E-594F-4EBC-920A-41D279052881}.Ad-Hoc|iPhone.Deploy.0 = Release|x86
		{5401728E-594F-4EBC-920A-41D279052881}.Ad-Hoc|iPhoneSimulator.ActiveCfg = Release|x86
		{5401728E-594F-4EBC-920A-41D279052881}.Ad-Hoc|iPhoneSimulator.Build.0 = Release|x86
		{5401728E-594F-4EBC-920A-41D279052881}.Ad-Hoc|iPhoneSimulator.Deploy.0 = Release|x86
		{5401728E-594F-4EBC-920A-41D279052881}.Ad-Hoc|x64.ActiveCfg = Release|x64
		{5401728E-594F-4EBC-920A-41D279052881}.Ad-Hoc|x64.Build.0 = Release|x64
		{5401728E-594F-4EBC-920A-41D279052881}.Ad-Hoc|x64.Deploy.0 = Release|x64
		{5401728E-594F-4EBC-920A-41D279052881}.Ad-Hoc|x86.ActiveCfg = Release|x86
		{5401728E-594F-4EBC-920A-41D279052881}.Ad-Hoc|x86.Build.0 = Release|x86
		{5401728E-594F-4EBC-920A-41D279052881}.Ad-Hoc|x86.Deploy.0 = Release|x86
		{5401728E-594F-4EBC-920A-41D279052881}.AppStore|Any CPU.ActiveCfg = Release|x86
		{5401728E-594F-4EBC-920A-41D279052881}.AppStore|Any CPU.Build.0 = Release|x86
		{5401728E-594F-4EBC-920A-41D279052881}.AppStore|Any CPU.Deploy.0 = Release|x86
		{5401728E-594F-4EBC-920A-41D279052881}.AppStore|ARM.ActiveCfg = Release|ARM
		{5401728E-594F-4EBC-920A-41D279052881}.AppStore|ARM.Build.0 = Release|ARM
		{5401728E-594F-4EBC-920A-41D279052881}.AppStore|ARM.Deploy.0 = Release|ARM
		{5401728E-594F-4EBC-920A-41D279052881}.AppStore|iPhone.ActiveCfg = Release|x86
		{5401728E-594F-4EBC-920A-41D279052881}.AppStore|iPhone.Build.0 = Release|x86
		{5401728E-594F-4EBC-920A-41D279052881}.AppStore|iPhone.Deploy.0 = Release|x86
		{5401728E-594F-4EBC-920A-41D279052881}.AppStore|iPhoneSimulator.ActiveCfg = Release|x86
		{5401728E-594F-4EBC-920A-41D279052881}.AppStore|iPhoneSimulator.Build.0 = Release|x86
		{5401728E-594F-4EBC-920A-41D279052881}.AppStore|iPhoneSimulator.Deploy.0 = Release|x86
		{5401728E-594F-4EBC-920A-41D279052881}.AppStore|x64.ActiveCfg = Release|x64
		{5401728E-594F-4EBC-920A-41D279052881}.AppStore|x64.Build.0 = Release|x64
		{5401728E-594F-4EBC-920A-41D279052881}.AppStore|x64.Deploy.0 = Release|x64
		{5401728E-594F-4EBC-920A-41D279052881}.AppStore|x86.ActiveCfg = Release|x86
		{5401728E-594F-4EBC-920A-41D279052881}.AppStore|x86.Build.0 = Release|x86
		{5401728E-594F-4EBC-920A-41D279052881}.AppStore|x86.Deploy.0 = Release|x86
		{5401728E-594F-4EBC-920A-41D279052881}.Debug|Any CPU.ActiveCfg = Debug|x86
		{5401728E-594F-4EBC-920A-41D279052881}.Debug|ARM.ActiveCfg = Debug|ARM
		{5401728E-594F-4EBC-920A-41D279052881}.Debug|ARM.Build.0 = Debug|ARM
		{5401728E-594F-4EBC-920A-41D279052881}.Debug|ARM.Deploy.0 = Debug|ARM
		{5401728E-594F-4EBC-920A-41D279052881}.Debug|iPhone.ActiveCfg = Debug|x86
		{5401728E-594F-4EBC-920A-41D279052881}.Debug|iPhoneSimulator.ActiveCfg = Debug|x86
		{5401728E-594F-4EBC-920A-41D279052881}.Debug|x64.ActiveCfg = Debug|x64
		{5401728E-594F-4EBC-920A-41D279052881}.Debug|x64.Build.0 = Debug|x64
		{5401728E-594F-4EBC-920A-41D279052881}.Debug|x64.Deploy.0 = Debug|x64
		{5401728E-594F-4EBC-920A-41D279052881}.Debug|x86.ActiveCfg = Debug|x86
		{5401728E-594F-4EBC-920A-41D279052881}.Debug|x86.Build.0 = Debug|x86
		{5401728E-594F-4EBC-920A-41D279052881}.Debug|x86.Deploy.0 = Debug|x86
		{5401728E-594F-4EBC-920A-41D279052881}.Release|Any CPU.ActiveCfg = Release|x86
		{5401728E-594F-4EBC-920A-41D279052881}.Release|ARM.ActiveCfg = Release|ARM
		{5401728E-594F-4EBC-920A-41D279052881}.Release|ARM.Build.0 = Release|ARM
		{5401728E-594F-4EBC-920A-41D279052881}.Release|ARM.Deploy.0 = Release|ARM
		{5401728E-594F-4EBC-920A-41D279052881}.Release|iPhone.ActiveCfg = Release|x86
		{5401728E-594F-4EBC-920A-41D279052881}.Release|iPhoneSimulator.ActiveCfg = Release|x86
		{5401728E-594F-4EBC-920A-41D279052881}.Release|x64.ActiveCfg = Release|x64
		{5401728E-594F-4EBC-920A-41D279052881}.Release|x64.Build.0 = Release|x64
		{5401728E-594F-4EBC-920A-41D279052881}.Release|x64.Deploy.0 = Release|x64
		{5401728E-594F-4EBC-920A-41D279052881}.Release|x86.ActiveCfg = Release|x86
		{5401728E-594F-4EBC-920A-41D279052881}.Release|x86.Build.0 = Release|x86
		{5401728E-594F-4EBC-920A-41D279052881}.Release|x86.Deploy.0 = Release|x86
		{C82E96CC-E782-43BC-88A0-A19F9EBCE090}.Ad-Hoc|Any CPU.ActiveCfg = Debug|Any CPU
		{C82E96CC-E782-43BC-88A0-A19F9EBCE090}.Ad-Hoc|Any CPU.Build.0 = Debug|Any CPU
		{C82E96CC-E782-43BC-88A0-A19F9EBCE090}.Ad-Hoc|ARM.ActiveCfg = Debug|Any CPU
		{C82E96CC-E782-43BC-88A0-A19F9EBCE090}.Ad-Hoc|ARM.Build.0 = Debug|Any CPU
		{C82E96CC-E782-43BC-88A0-A19F9EBCE090}.Ad-Hoc|iPhone.ActiveCfg = Debug|Any CPU
		{C82E96CC-E782-43BC-88A0-A19F9EBCE090}.Ad-Hoc|iPhone.Build.0 = Debug|Any CPU
		{C82E96CC-E782-43BC-88A0-A19F9EBCE090}.Ad-Hoc|iPhoneSimulator.ActiveCfg = Debug|Any CPU
		{C82E96CC-E782-43BC-88A0-A19F9EBCE090}.Ad-Hoc|iPhoneSimulator.Build.0 = Debug|Any CPU
		{C82E96CC-E782-43BC-88A0-A19F9EBCE090}.Ad-Hoc|x64.ActiveCfg = Debug|Any CPU
		{C82E96CC-E782-43BC-88A0-A19F9EBCE090}.Ad-Hoc|x64.Build.0 = Debug|Any CPU
		{C82E96CC-E782-43BC-88A0-A19F9EBCE090}.Ad-Hoc|x86.ActiveCfg = Debug|Any CPU
		{C82E96CC-E782-43BC-88A0-A19F9EBCE090}.Ad-Hoc|x86.Build.0 = Debug|Any CPU
		{C82E96CC-E782-43BC-88A0-A19F9EBCE090}.AppStore|Any CPU.ActiveCfg = Debug|Any CPU
		{C82E96CC-E782-43BC-88A0-A19F9EBCE090}.AppStore|Any CPU.Build.0 = Debug|Any CPU
		{C82E96CC-E782-43BC-88A0-A19F9EBCE090}.AppStore|ARM.ActiveCfg = Debug|Any CPU
		{C82E96CC-E782-43BC-88A0-A19F9EBCE090}.AppStore|ARM.Build.0 = Debug|Any CPU
		{C82E96CC-E782-43BC-88A0-A19F9EBCE090}.AppStore|iPhone.ActiveCfg = Debug|Any CPU
		{C82E96CC-E782-43BC-88A0-A19F9EBCE090}.AppStore|iPhone.Build.0 = Debug|Any CPU
		{C82E96CC-E782-43BC-88A0-A19F9EBCE090}.AppStore|iPhoneSimulator.ActiveCfg = Debug|Any CPU
		{C82E96CC-E782-43BC-88A0-A19F9EBCE090}.AppStore|iPhoneSimulator.Build.0 = Debug|Any CPU
		{C82E96CC-E782-43BC-88A0-A19F9EBCE090}.AppStore|x64.ActiveCfg = Debug|Any CPU
		{C82E96CC-E782-43BC-88A0-A19F9EBCE090}.AppStore|x64.Build.0 = Debug|Any CPU
		{C82E96CC-E782-43BC-88A0-A19F9EBCE090}.AppStore|x86.ActiveCfg = Debug|Any CPU
		{C82E96CC-E782-43BC-88A0-A19F9EBCE090}.AppStore|x86.Build.0 = Debug|Any CPU
		{C82E96CC-E782-43BC-88A0-A19F9EBCE090}.Debug|Any CPU.ActiveCfg = Debug|Any CPU
		{C82E96CC-E782-43BC-88A0-A19F9EBCE090}.Debug|Any CPU.Build.0 = Debug|Any CPU
		{C82E96CC-E782-43BC-88A0-A19F9EBCE090}.Debug|ARM.ActiveCfg = Debug|Any CPU
		{C82E96CC-E782-43BC-88A0-A19F9EBCE090}.Debug|ARM.Build.0 = Debug|Any CPU
		{C82E96CC-E782-43BC-88A0-A19F9EBCE090}.Debug|iPhone.ActiveCfg = Debug|Any CPU
		{C82E96CC-E782-43BC-88A0-A19F9EBCE090}.Debug|iPhone.Build.0 = Debug|Any CPU
		{C82E96CC-E782-43BC-88A0-A19F9EBCE090}.Debug|iPhoneSimulator.ActiveCfg = Debug|Any CPU
		{C82E96CC-E782-43BC-88A0-A19F9EBCE090}.Debug|iPhoneSimulator.Build.0 = Debug|Any CPU
		{C82E96CC-E782-43BC-88A0-A19F9EBCE090}.Debug|x64.ActiveCfg = Debug|Any CPU
		{C82E96CC-E782-43BC-88A0-A19F9EBCE090}.Debug|x64.Build.0 = Debug|Any CPU
		{C82E96CC-E782-43BC-88A0-A19F9EBCE090}.Debug|x86.ActiveCfg = Debug|Any CPU
		{C82E96CC-E782-43BC-88A0-A19F9EBCE090}.Debug|x86.Build.0 = Debug|Any CPU
		{C82E96CC-E782-43BC-88A0-A19F9EBCE090}.Release|Any CPU.ActiveCfg = Release|Any CPU
		{C82E96CC-E782-43BC-88A0-A19F9EBCE090}.Release|Any CPU.Build.0 = Release|Any CPU
		{C82E96CC-E782-43BC-88A0-A19F9EBCE090}.Release|ARM.ActiveCfg = Release|Any CPU
		{C82E96CC-E782-43BC-88A0-A19F9EBCE090}.Release|ARM.Build.0 = Release|Any CPU
		{C82E96CC-E782-43BC-88A0-A19F9EBCE090}.Release|iPhone.ActiveCfg = Release|Any CPU
		{C82E96CC-E782-43BC-88A0-A19F9EBCE090}.Release|iPhone.Build.0 = Release|Any CPU
		{C82E96CC-E782-43BC-88A0-A19F9EBCE090}.Release|iPhoneSimulator.ActiveCfg = Release|Any CPU
		{C82E96CC-E782-43BC-88A0-A19F9EBCE090}.Release|iPhoneSimulator.Build.0 = Release|Any CPU
		{C82E96CC-E782-43BC-88A0-A19F9EBCE090}.Release|x64.ActiveCfg = Release|Any CPU
		{C82E96CC-E782-43BC-88A0-A19F9EBCE090}.Release|x64.Build.0 = Release|Any CPU
		{C82E96CC-E782-43BC-88A0-A19F9EBCE090}.Release|x86.ActiveCfg = Release|Any CPU
		{C82E96CC-E782-43BC-88A0-A19F9EBCE090}.Release|x86.Build.0 = Release|Any CPU
	EndGlobalSection
	GlobalSection(SolutionProperties) = preSolution
		HideSolutionNode = FALSE
	EndGlobalSection
	GlobalSection(ExtensibilityGlobals) = postSolution
		SolutionGuid = {46743856-AF05-48E3-865B-41CC1B986714}
	EndGlobalSection
EndGlobal
